
Microsoft Visual Studio Solution File, Format Version 12.00
# Visual Studio 2012
Project("{FAE04EC0-301F-11D3-BF4B-00C04F79EFBC}") = "Hubs.RSS.Tests", "Hubs.RSS.Tests\Hubs.RSS.Tests.csproj", "{F40F5DF3-3474-4167-8C32-473AA9FE0B01}"
EndProject
Project("{FAE04EC0-301F-11D3-BF4B-00C04F79EFBC}") = "Hubs.RSS", "Hubs.RSS\Hubs.RSS.csproj", "{11006CED-DE84-4B46-99EF-A589340E4E2D}"
EndProject
Project("{FAE04EC0-301F-11D3-BF4B-00C04F79EFBC}") = "Hubs.Framework", "Hubs.Framework\Hubs.Framework.csproj", "{E164EC6A-DEEF-42F7-811B-83AE01AAF7E8}"
EndProject
Project("{FAE04EC0-301F-11D3-BF4B-00C04F79EFBC}") = "Hubs.Framework.Tests", "Hubs.Framework.Tests\Hubs.Framework.Tests.csproj", "{6F1153FA-EDA7-4FB3-91C7-8FE47C76834E}"
EndProject
Global
	GlobalSection(SolutionConfigurationPlatforms) = preSolution
		Debug|Any CPU = Debug|Any CPU
		Release|Any CPU = Release|Any CPU
	EndGlobalSection
	GlobalSection(ProjectConfigurationPlatforms) = postSolution
		{F40F5DF3-3474-4167-8C32-473AA9FE0B01}.Debug|Any CPU.ActiveCfg = Debug|Any CPU
		{F40F5DF3-3474-4167-8C32-473AA9FE0B01}.Debug|Any CPU.Build.0 = Debug|Any CPU
		{F40F5DF3-3474-4167-8C32-473AA9FE0B01}.Release|Any CPU.ActiveCfg = Release|Any CPU
		{F40F5DF3-3474-4167-8C32-473AA9FE0B01}.Release|Any CPU.Build.0 = Release|Any CPU
		{11006CED-DE84-4B46-99EF-A589340E4E2D}.Debug|Any CPU.ActiveCfg = Debug|Any CPU
		{11006CED-DE84-4B46-99EF-A589340E4E2D}.Debug|Any CPU.Build.0 = Debug|Any CPU
		{11006CED-DE84-4B46-99EF-A589340E4E2D}.Release|Any CPU.ActiveCfg = Release|Any CPU
		{11006CED-DE84-4B46-99EF-A589340E4E2D}.Release|Any CPU.Build.0 = Release|Any CPU
		{E164EC6A-DEEF-42F7-811B-83AE01AAF7E8}.Debug|Any CPU.ActiveCfg = Debug|Any CPU
		{E164EC6A-DEEF-42F7-811B-83AE01AAF7E8}.Debug|Any CPU.Build.0 = Debug|Any CPU
		{E164EC6A-DEEF-42F7-811B-83AE01AAF7E8}.Release|Any CPU.ActiveCfg = Release|Any CPU
		{E164EC6A-DEEF-42F7-811B-83AE01AAF7E8}.Release|Any CPU.Build.0 = Release|Any CPU
		{6F1153FA-EDA7-4FB3-91C7-8FE47C76834E}.Debug|Any CPU.ActiveCfg = Debug|Any CPU
		{6F1153FA-EDA7-4FB3-91C7-8FE47C76834E}.Debug|Any CPU.Build.0 = Debug|Any CPU
		{6F1153FA-EDA7-4FB3-91C7-8FE47C76834E}.Release|Any CPU.ActiveCfg = Release|Any CPU
		{6F1153FA-EDA7-4FB3-91C7-8FE47C76834E}.Release|Any CPU.Build.0 = Release|Any CPU
	EndGlobalSection
	GlobalSection(SolutionProperties) = preSolution
		HideSolutionNode = FALSE
	EndGlobalSection
EndGlobal
