
Microsoft Visual Studio Solution File, Format Version 12.00
# Visual Studio 2012
Project("{FAE04EC0-301F-11D3-BF4B-00C04F79EFBC}") = "Hubs.RSS.Tests", "Hubs.RSS.Tests\Hubs.RSS.Tests.csproj", "{F40F5DF3-3474-4167-8C32-473AA9FE0B01}"
EndProject
Project("{FAE04EC0-301F-11D3-BF4B-00C04F79EFBC}") = "Hubs.RSS", "Hubs.RSS\Hubs.RSS.csproj", "{11006CED-DE84-4B46-99EF-A589340E4E2D}"
EndProject
Project("{2150E333-8FDC-42A3-9474-1A3956D46DE8}") = "Application", "Application", "{647C1E09-9E32-44C7-8EF8-168D024A1F0F}"
EndProject
Project("{2150E333-8FDC-42A3-9474-1A3956D46DE8}") = ".nuget", ".nuget", "{CD3B4E3F-59FD-4023-AA8B-F7EE8F335B94}"
	ProjectSection(SolutionItems) = preProject
		.nuget\NuGet.Config = .nuget\NuGet.Config
		.nuget\NuGet.exe = .nuget\NuGet.exe
		.nuget\NuGet.targets = .nuget\NuGet.targets
	EndProjectSection
EndProject
Project("{2150E333-8FDC-42A3-9474-1A3956D46DE8}") = "Hubs", "Hubs", "{128E2DA0-A5A0-4D17-BCB6-B0F78D6B9A66}"
EndProject
Project("{FAE04EC0-301F-11D3-BF4B-00C04F79EFBC}") = "Hubs.UI.Web", "Hubs.UI.Web\Hubs.UI.Web.csproj", "{17E7D2FD-98E8-4D19-A2F8-A086662ED5E5}"
EndProject
Project("{FAE04EC0-301F-11D3-BF4B-00C04F79EFBC}") = "Hubs.UI.Web.Tests", "Hubs.UI.Web.Tests\Hubs.UI.Web.Tests.csproj", "{5E8EAC2F-2EF0-43B4-855D-601F15CA7EB2}"
EndProject
Project("{FAE04EC0-301F-11D3-BF4B-00C04F79EFBC}") = "Hubs.Persistance", "Hubs.Persistance\Hubs.Persistance.csproj", "{F71C4DBA-866A-4BF1-B522-A3821F259D8C}"
EndProject
Project("{FAE04EC0-301F-11D3-BF4B-00C04F79EFBC}") = "Hubs.Persistance.Tests", "Hubs.Persistance.Tests\Hubs.Persistance.Tests.csproj", "{8EBA742E-24C7-45EA-9BC4-0512219AA884}"
EndProject
Project("{FAE04EC0-301F-11D3-BF4B-00C04F79EFBC}") = "Hubs.Framework", "Hubs.Framework\Hubs.Framework.csproj", "{C4823AB8-D42C-45B0-BCCA-99D6E5912F1F}"
EndProject
Project("{FAE04EC0-301F-11D3-BF4B-00C04F79EFBC}") = "Hubs.Core", "Hubs.Core\Hubs.Core.csproj", "{8109E3B0-3CA8-4371-8131-A67E04AB0524}"
EndProject
Global
	GlobalSection(SolutionConfigurationPlatforms) = preSolution
		Debug|Any CPU = Debug|Any CPU
		Release|Any CPU = Release|Any CPU
	EndGlobalSection
	GlobalSection(ProjectConfigurationPlatforms) = postSolution
		{F40F5DF3-3474-4167-8C32-473AA9FE0B01}.Debug|Any CPU.ActiveCfg = Debug|Any CPU
		{F40F5DF3-3474-4167-8C32-473AA9FE0B01}.Debug|Any CPU.Build.0 = Debug|Any CPU
		{F40F5DF3-3474-4167-8C32-473AA9FE0B01}.Release|Any CPU.ActiveCfg = Release|Any CPU
		{F40F5DF3-3474-4167-8C32-473AA9FE0B01}.Release|Any CPU.Build.0 = Release|Any CPU
		{11006CED-DE84-4B46-99EF-A589340E4E2D}.Debug|Any CPU.ActiveCfg = Debug|Any CPU
		{11006CED-DE84-4B46-99EF-A589340E4E2D}.Debug|Any CPU.Build.0 = Debug|Any CPU
		{11006CED-DE84-4B46-99EF-A589340E4E2D}.Release|Any CPU.ActiveCfg = Release|Any CPU
		{11006CED-DE84-4B46-99EF-A589340E4E2D}.Release|Any CPU.Build.0 = Release|Any CPU
		{17E7D2FD-98E8-4D19-A2F8-A086662ED5E5}.Debug|Any CPU.ActiveCfg = Debug|Any CPU
		{17E7D2FD-98E8-4D19-A2F8-A086662ED5E5}.Debug|Any CPU.Build.0 = Debug|Any CPU
		{17E7D2FD-98E8-4D19-A2F8-A086662ED5E5}.Release|Any CPU.ActiveCfg = Release|Any CPU
		{17E7D2FD-98E8-4D19-A2F8-A086662ED5E5}.Release|Any CPU.Build.0 = Release|Any CPU
		{5E8EAC2F-2EF0-43B4-855D-601F15CA7EB2}.Debug|Any CPU.ActiveCfg = Debug|Any CPU
		{5E8EAC2F-2EF0-43B4-855D-601F15CA7EB2}.Debug|Any CPU.Build.0 = Debug|Any CPU
		{5E8EAC2F-2EF0-43B4-855D-601F15CA7EB2}.Release|Any CPU.ActiveCfg = Release|Any CPU
		{5E8EAC2F-2EF0-43B4-855D-601F15CA7EB2}.Release|Any CPU.Build.0 = Release|Any CPU
		{F71C4DBA-866A-4BF1-B522-A3821F259D8C}.Debug|Any CPU.ActiveCfg = Debug|Any CPU
		{F71C4DBA-866A-4BF1-B522-A3821F259D8C}.Debug|Any CPU.Build.0 = Debug|Any CPU
		{F71C4DBA-866A-4BF1-B522-A3821F259D8C}.Release|Any CPU.ActiveCfg = Release|Any CPU
		{F71C4DBA-866A-4BF1-B522-A3821F259D8C}.Release|Any CPU.Build.0 = Release|Any CPU
		{8EBA742E-24C7-45EA-9BC4-0512219AA884}.Debug|Any CPU.ActiveCfg = Debug|Any CPU
		{8EBA742E-24C7-45EA-9BC4-0512219AA884}.Debug|Any CPU.Build.0 = Debug|Any CPU
		{8EBA742E-24C7-45EA-9BC4-0512219AA884}.Release|Any CPU.ActiveCfg = Release|Any CPU
		{8EBA742E-24C7-45EA-9BC4-0512219AA884}.Release|Any CPU.Build.0 = Release|Any CPU
		{C4823AB8-D42C-45B0-BCCA-99D6E5912F1F}.Debug|Any CPU.ActiveCfg = Debug|Any CPU
		{C4823AB8-D42C-45B0-BCCA-99D6E5912F1F}.Debug|Any CPU.Build.0 = Debug|Any CPU
		{C4823AB8-D42C-45B0-BCCA-99D6E5912F1F}.Release|Any CPU.ActiveCfg = Release|Any CPU
		{C4823AB8-D42C-45B0-BCCA-99D6E5912F1F}.Release|Any CPU.Build.0 = Release|Any CPU
		{8109E3B0-3CA8-4371-8131-A67E04AB0524}.Debug|Any CPU.ActiveCfg = Debug|Any CPU
		{8109E3B0-3CA8-4371-8131-A67E04AB0524}.Debug|Any CPU.Build.0 = Debug|Any CPU
		{8109E3B0-3CA8-4371-8131-A67E04AB0524}.Release|Any CPU.ActiveCfg = Release|Any CPU
		{8109E3B0-3CA8-4371-8131-A67E04AB0524}.Release|Any CPU.Build.0 = Release|Any CPU
	EndGlobalSection
	GlobalSection(SolutionProperties) = preSolution
		HideSolutionNode = FALSE
	EndGlobalSection
	GlobalSection(NestedProjects) = preSolution
		{11006CED-DE84-4B46-99EF-A589340E4E2D} = {128E2DA0-A5A0-4D17-BCB6-B0F78D6B9A66}
		{F40F5DF3-3474-4167-8C32-473AA9FE0B01} = {128E2DA0-A5A0-4D17-BCB6-B0F78D6B9A66}
		{F71C4DBA-866A-4BF1-B522-A3821F259D8C} = {128E2DA0-A5A0-4D17-BCB6-B0F78D6B9A66}
		{8EBA742E-24C7-45EA-9BC4-0512219AA884} = {128E2DA0-A5A0-4D17-BCB6-B0F78D6B9A66}
		{C4823AB8-D42C-45B0-BCCA-99D6E5912F1F} = {128E2DA0-A5A0-4D17-BCB6-B0F78D6B9A66}
		{8109E3B0-3CA8-4371-8131-A67E04AB0524} = {128E2DA0-A5A0-4D17-BCB6-B0F78D6B9A66}
		{17E7D2FD-98E8-4D19-A2F8-A086662ED5E5} = {647C1E09-9E32-44C7-8EF8-168D024A1F0F}
		{5E8EAC2F-2EF0-43B4-855D-601F15CA7EB2} = {647C1E09-9E32-44C7-8EF8-168D024A1F0F}
	EndGlobalSection
EndGlobal
